
Microsoft Visual Studio Solution File, Format Version 12.00
# Visual Studio Version 17
VisualStudioVersion = 17.0.31903.59
MinimumVisualStudioVersion = 10.0.40219.1
Project("{FAE04EC0-301F-11D3-BF4B-00C04F79EFBC}") = "FormulaAirline.API", "FormulaAirline.API\FormulaAirline.API.csproj", "{16536D92-01DF-4A12-810A-8FC269A3E831}"
EndProject
Project("{FAE04EC0-301F-11D3-BF4B-00C04F79EFBC}") = "FormulaAirline.TicketProcessing", "FormulaAirline.TicketProcessing\FormulaAirline.TicketProcessing.csproj", "{83AB9496-A071-4881-9B13-32D901D46AB6}"
EndProject
Global
	GlobalSection(SolutionConfigurationPlatforms) = preSolution
		Debug|Any CPU = Debug|Any CPU
		Release|Any CPU = Release|Any CPU
	EndGlobalSection
	GlobalSection(SolutionProperties) = preSolution
		HideSolutionNode = FALSE
	EndGlobalSection
	GlobalSection(ProjectConfigurationPlatforms) = postSolution
		{16536D92-01DF-4A12-810A-8FC269A3E831}.Debug|Any CPU.ActiveCfg = Debug|Any CPU
		{16536D92-01DF-4A12-810A-8FC269A3E831}.Debug|Any CPU.Build.0 = Debug|Any CPU
		{16536D92-01DF-4A12-810A-8FC269A3E831}.Release|Any CPU.ActiveCfg = Release|Any CPU
		{16536D92-01DF-4A12-810A-8FC269A3E831}.Release|Any CPU.Build.0 = Release|Any CPU
		{83AB9496-A071-4881-9B13-32D901D46AB6}.Debug|Any CPU.ActiveCfg = Debug|Any CPU
		{83AB9496-A071-4881-9B13-32D901D46AB6}.Debug|Any CPU.Build.0 = Debug|Any CPU
		{83AB9496-A071-4881-9B13-32D901D46AB6}.Release|Any CPU.ActiveCfg = Release|Any CPU
		{83AB9496-A071-4881-9B13-32D901D46AB6}.Release|Any CPU.Build.0 = Release|Any CPU
	EndGlobalSection
EndGlobal
